
Microsoft Visual Studio Solution File, Format Version 11.00
# Visual Studio 2010
Project("{FAE04EC0-301F-11D3-BF4B-00C04F79EFBC}") = "Zenject", "Zenject.csproj", "{71c8f29f-2d35-b9f1-ee77-9b4f234c2126}"
EndProject
Project("{FAE04EC0-301F-11D3-BF4B-00C04F79EFBC}") = "Assembly-CSharp-firstpass", "Assembly-CSharp-firstpass.csproj", "{b5bcd66d-c256-e887-20e7-02b8f7535afb}"
EndProject
Project("{FAE04EC0-301F-11D3-BF4B-00C04F79EFBC}") = "Assembly-CSharp", "Assembly-CSharp.csproj", "{6b498bae-1664-d4e1-5d5b-ea422009fa1c}"
EndProject
Project("{FAE04EC0-301F-11D3-BF4B-00C04F79EFBC}") = "Zenject-Editor", "Zenject-Editor.csproj", "{2a137199-c376-2b96-aa71-2d085caaa761}"
EndProject
Project("{FAE04EC0-301F-11D3-BF4B-00C04F79EFBC}") = "UnityWebSocket.Runtime", "UnityWebSocket.Runtime.csproj", "{078c7f79-2d8e-8797-0c8b-a2985cda173c}"
EndProject
Project("{FAE04EC0-301F-11D3-BF4B-00C04F79EFBC}") = "UnityWebSocket.Editor", "UnityWebSocket.Editor.csproj", "{b8932ebc-215a-7d1a-03c9-c4e9e8f026b5}"
EndProject
Project("{FAE04EC0-301F-11D3-BF4B-00C04F79EFBC}") = "Assembly-CSharp-Editor-firstpass", "Assembly-CSharp-Editor-firstpass.csproj", "{a91a2876-9c98-7794-514d-e38671a3c4af}"
EndProject
Global
	GlobalSection(SolutionConfigurationPlatforms) = preSolution
		Debug|Any CPU = Debug|Any CPU
	EndGlobalSection
	GlobalSection(ProjectConfigurationPlatforms) = postSolution
		{71c8f29f-2d35-b9f1-ee77-9b4f234c2126}.Debug|Any CPU.ActiveCfg = Debug|Any CPU
		{71c8f29f-2d35-b9f1-ee77-9b4f234c2126}.Debug|Any CPU.Build.0 = Debug|Any CPU
		{b5bcd66d-c256-e887-20e7-02b8f7535afb}.Debug|Any CPU.ActiveCfg = Debug|Any CPU
		{b5bcd66d-c256-e887-20e7-02b8f7535afb}.Debug|Any CPU.Build.0 = Debug|Any CPU
		{6b498bae-1664-d4e1-5d5b-ea422009fa1c}.Debug|Any CPU.ActiveCfg = Debug|Any CPU
		{6b498bae-1664-d4e1-5d5b-ea422009fa1c}.Debug|Any CPU.Build.0 = Debug|Any CPU
		{2a137199-c376-2b96-aa71-2d085caaa761}.Debug|Any CPU.ActiveCfg = Debug|Any CPU
		{2a137199-c376-2b96-aa71-2d085caaa761}.Debug|Any CPU.Build.0 = Debug|Any CPU
		{078c7f79-2d8e-8797-0c8b-a2985cda173c}.Debug|Any CPU.ActiveCfg = Debug|Any CPU
		{078c7f79-2d8e-8797-0c8b-a2985cda173c}.Debug|Any CPU.Build.0 = Debug|Any CPU
		{b8932ebc-215a-7d1a-03c9-c4e9e8f026b5}.Debug|Any CPU.ActiveCfg = Debug|Any CPU
		{b8932ebc-215a-7d1a-03c9-c4e9e8f026b5}.Debug|Any CPU.Build.0 = Debug|Any CPU
		{a91a2876-9c98-7794-514d-e38671a3c4af}.Debug|Any CPU.ActiveCfg = Debug|Any CPU
		{a91a2876-9c98-7794-514d-e38671a3c4af}.Debug|Any CPU.Build.0 = Debug|Any CPU
	EndGlobalSection
	GlobalSection(SolutionProperties) = preSolution
		HideSolutionNode = FALSE
	EndGlobalSection
EndGlobal
